// !$*UTF8*$!
{
	archiveVersion = 1;
	classes = {
	};
	objectVersion = 46;
	objects = {

/* Begin PBXBuildFile section */
		8390EC5811FB02D500E31BC5 /* ProjectsTableViewController.m in Sources */ = {isa = PBXBuildFile; fileRef = 8390EC5611FB02D500E31BC5 /* ProjectsTableViewController.m */; };
		8390EC5911FB02D500E31BC5 /* ProjectsTableViewController.xib in Resources */ = {isa = PBXBuildFile; fileRef = 8390EC5711FB02D500E31BC5 /* ProjectsTableViewController.xib */; };
		8390EC5D11FB030900E31BC5 /* ItemsTableViewController.m in Sources */ = {isa = PBXBuildFile; fileRef = 8390EC5B11FB030900E31BC5 /* ItemsTableViewController.m */; };
		8390EC5E11FB030900E31BC5 /* ItemsTableViewController.xib in Resources */ = {isa = PBXBuildFile; fileRef = 8390EC5C11FB030900E31BC5 /* ItemsTableViewController.xib */; };
		8390EC7411FB773C00E31BC5 /* button.psd in Resources */ = {isa = PBXBuildFile; fileRef = 8390EC7111FB773C00E31BC5 /* button.psd */; };
		8390EC7511FB773C00E31BC5 /* items-bar-button.png in Resources */ = {isa = PBXBuildFile; fileRef = 8390EC7211FB773C00E31BC5 /* items-bar-button.png */; };
		8390EC7611FB773C00E31BC5 /* projects-bar-button.png in Resources */ = {isa = PBXBuildFile; fileRef = 8390EC7311FB773C00E31BC5 /* projects-bar-button.png */; };
		8390EC9911FB90E400E31BC5 /* NSObject+SBJSON.m in Sources */ = {isa = PBXBuildFile; fileRef = 8390EC8E11FB90E400E31BC5 /* NSObject+SBJSON.m */; };
		8390EC9A11FB90E400E31BC5 /* NSString+SBJSON.m in Sources */ = {isa = PBXBuildFile; fileRef = 8390EC9011FB90E400E31BC5 /* NSString+SBJSON.m */; };
		8390EC9B11FB90E400E31BC5 /* SBJSON.m in Sources */ = {isa = PBXBuildFile; fileRef = 8390EC9211FB90E400E31BC5 /* SBJSON.m */; };
		8390EC9C11FB90E400E31BC5 /* SBJsonBase.m in Sources */ = {isa = PBXBuildFile; fileRef = 8390EC9411FB90E400E31BC5 /* SBJsonBase.m */; };
		8390EC9D11FB90E400E31BC5 /* SBJsonParser.m in Sources */ = {isa = PBXBuildFile; fileRef = 8390EC9611FB90E400E31BC5 /* SBJsonParser.m */; };
		8390EC9E11FB90E400E31BC5 /* SBJsonWriter.m in Sources */ = {isa = PBXBuildFile; fileRef = 8390EC9811FB90E400E31BC5 /* SBJsonWriter.m */; };
		8390ECA211FB914600E31BC5 /* XDataEngine.m in Sources */ = {isa = PBXBuildFile; fileRef = 8390ECA111FB914600E31BC5 /* XDataEngine.m */; };
		8390ECA511FB916100E31BC5 /* XConnectionHandler.m in Sources */ = {isa = PBXBuildFile; fileRef = 8390ECA411FB916100E31BC5 /* XConnectionHandler.m */; };
		8390ECA811FB916F00E31BC5 /* MessageObjects.m in Sources */ = {isa = PBXBuildFile; fileRef = 8390ECA711FB916F00E31BC5 /* MessageObjects.m */; };
		83AB2FC311FA2185003290DC /* UIKit.framework in Frameworks */ = {isa = PBXBuildFile; fileRef = 83AB2FC211FA2185003290DC /* UIKit.framework */; };
		83AB2FC511FA2185003290DC /* Foundation.framework in Frameworks */ = {isa = PBXBuildFile; fileRef = 83AB2FC411FA2185003290DC /* Foundation.framework */; };
		83AB2FC711FA2185003290DC /* CoreGraphics.framework in Frameworks */ = {isa = PBXBuildFile; fileRef = 83AB2FC611FA2185003290DC /* CoreGraphics.framework */; };
		83AB2FCC11FA2185003290DC /* InfoPlist.strings in Resources */ = {isa = PBXBuildFile; fileRef = 83AB2FCA11FA2185003290DC /* InfoPlist.strings */; };
		83AB2FCE11FA2185003290DC /* main.m in Sources */ = {isa = PBXBuildFile; fileRef = 83AB2FCD11FA2185003290DC /* main.m */; };
		83AB2FD111FA2185003290DC /* TodoistAppDelegate.m in Sources */ = {isa = PBXBuildFile; fileRef = 83AB2FD011FA2185003290DC /* TodoistAppDelegate.m */; };
		83AB2FD411FA2185003290DC /* MainWindow.xib in Resources */ = {isa = PBXBuildFile; fileRef = 83AB2FD211FA2185003290DC /* MainWindow.xib */; };
		83AB2FD711FA2185003290DC /* TodoistViewController.m in Sources */ = {isa = PBXBuildFile; fileRef = 83AB2FD611FA2185003290DC /* TodoistViewController.m */; };
		83AB2FDA11FA2185003290DC /* TodoistViewController.xib in Resources */ = {isa = PBXBuildFile; fileRef = 83AB2FD811FA2185003290DC /* TodoistViewController.xib */; };
		83E4091C1215C2C30097319A /* UIColor+Hex.m in Sources */ = {isa = PBXBuildFile; fileRef = 83E4091B1215C2C30097319A /* UIColor+Hex.m */; };
/* End PBXBuildFile section */

/* Begin PBXFileReference section */
		8390EC5511FB02D500E31BC5 /* ProjectsTableViewController.h */ = {isa = PBXFileReference; fileEncoding = 4; lastKnownFileType = sourcecode.c.h; name = ProjectsTableViewController.h; path = "View Controllers/ProjectsTableViewController.h"; sourceTree = "<group>"; };
		8390EC5611FB02D500E31BC5 /* ProjectsTableViewController.m */ = {isa = PBXFileReference; fileEncoding = 4; lastKnownFileType = sourcecode.c.objc; name = ProjectsTableViewController.m; path = "View Controllers/ProjectsTableViewController.m"; sourceTree = "<group>"; };
		8390EC5711FB02D500E31BC5 /* ProjectsTableViewController.xib */ = {isa = PBXFileReference; fileEncoding = 4; lastKnownFileType = file.xib; name = ProjectsTableViewController.xib; path = "View Controllers/ProjectsTableViewController.xib"; sourceTree = "<group>"; };
		8390EC5A11FB030900E31BC5 /* ItemsTableViewController.h */ = {isa = PBXFileReference; fileEncoding = 4; lastKnownFileType = sourcecode.c.h; name = ItemsTableViewController.h; path = "View Controllers/ItemsTableViewController.h"; sourceTree = "<group>"; };
		8390EC5B11FB030900E31BC5 /* ItemsTableViewController.m */ = {isa = PBXFileReference; fileEncoding = 4; lastKnownFileType = sourcecode.c.objc; name = ItemsTableViewController.m; path = "View Controllers/ItemsTableViewController.m"; sourceTree = "<group>"; };
		8390EC5C11FB030900E31BC5 /* ItemsTableViewController.xib */ = {isa = PBXFileReference; fileEncoding = 4; lastKnownFileType = file.xib; name = ItemsTableViewController.xib; path = "View Controllers/ItemsTableViewController.xib"; sourceTree = "<group>"; };
		8390EC7111FB773C00E31BC5 /* button.psd */ = {isa = PBXFileReference; lastKnownFileType = file; path = button.psd; sourceTree = "<group>"; };
		8390EC7211FB773C00E31BC5 /* items-bar-button.png */ = {isa = PBXFileReference; lastKnownFileType = image.png; path = "items-bar-button.png"; sourceTree = "<group>"; };
		8390EC7311FB773C00E31BC5 /* projects-bar-button.png */ = {isa = PBXFileReference; lastKnownFileType = image.png; path = "projects-bar-button.png"; sourceTree = "<group>"; };
		8390EC8911FB8FD200E31BC5 /* XLogging.h */ = {isa = PBXFileReference; fileEncoding = 4; lastKnownFileType = sourcecode.c.h; path = XLogging.h; sourceTree = "<group>"; };
		8390EC8C11FB90E400E31BC5 /* JSON.h */ = {isa = PBXFileReference; fileEncoding = 4; lastKnownFileType = sourcecode.c.h; path = JSON.h; sourceTree = "<group>"; };
		8390EC8D11FB90E400E31BC5 /* NSObject+SBJSON.h */ = {isa = PBXFileReference; fileEncoding = 4; lastKnownFileType = sourcecode.c.h; path = "NSObject+SBJSON.h"; sourceTree = "<group>"; };
		8390EC8E11FB90E400E31BC5 /* NSObject+SBJSON.m */ = {isa = PBXFileReference; fileEncoding = 4; lastKnownFileType = sourcecode.c.objc; path = "NSObject+SBJSON.m"; sourceTree = "<group>"; };
		8390EC8F11FB90E400E31BC5 /* NSString+SBJSON.h */ = {isa = PBXFileReference; fileEncoding = 4; lastKnownFileType = sourcecode.c.h; path = "NSString+SBJSON.h"; sourceTree = "<group>"; };
		8390EC9011FB90E400E31BC5 /* NSString+SBJSON.m */ = {isa = PBXFileReference; fileEncoding = 4; lastKnownFileType = sourcecode.c.objc; path = "NSString+SBJSON.m"; sourceTree = "<group>"; };
		8390EC9111FB90E400E31BC5 /* SBJSON.h */ = {isa = PBXFileReference; fileEncoding = 4; lastKnownFileType = sourcecode.c.h; path = SBJSON.h; sourceTree = "<group>"; };
		8390EC9211FB90E400E31BC5 /* SBJSON.m */ = {isa = PBXFileReference; fileEncoding = 4; lastKnownFileType = sourcecode.c.objc; path = SBJSON.m; sourceTree = "<group>"; };
		8390EC9311FB90E400E31BC5 /* SBJsonBase.h */ = {isa = PBXFileReference; fileEncoding = 4; lastKnownFileType = sourcecode.c.h; path = SBJsonBase.h; sourceTree = "<group>"; };
		8390EC9411FB90E400E31BC5 /* SBJsonBase.m */ = {isa = PBXFileReference; fileEncoding = 4; lastKnownFileType = sourcecode.c.objc; path = SBJsonBase.m; sourceTree = "<group>"; };
		8390EC9511FB90E400E31BC5 /* SBJsonParser.h */ = {isa = PBXFileReference; fileEncoding = 4; lastKnownFileType = sourcecode.c.h; path = SBJsonParser.h; sourceTree = "<group>"; };
		8390EC9611FB90E400E31BC5 /* SBJsonParser.m */ = {isa = PBXFileReference; fileEncoding = 4; lastKnownFileType = sourcecode.c.objc; path = SBJsonParser.m; sourceTree = "<group>"; };
		8390EC9711FB90E400E31BC5 /* SBJsonWriter.h */ = {isa = PBXFileReference; fileEncoding = 4; lastKnownFileType = sourcecode.c.h; path = SBJsonWriter.h; sourceTree = "<group>"; };
		8390EC9811FB90E400E31BC5 /* SBJsonWriter.m */ = {isa = PBXFileReference; fileEncoding = 4; lastKnownFileType = sourcecode.c.objc; path = SBJsonWriter.m; sourceTree = "<group>"; };
		8390ECA011FB914600E31BC5 /* XDataEngine.h */ = {isa = PBXFileReference; fileEncoding = 4; lastKnownFileType = sourcecode.c.h; path = XDataEngine.h; sourceTree = "<group>"; };
		8390ECA111FB914600E31BC5 /* XDataEngine.m */ = {isa = PBXFileReference; fileEncoding = 4; lastKnownFileType = sourcecode.c.objc; path = XDataEngine.m; sourceTree = "<group>"; };
		8390ECA311FB916100E31BC5 /* XConnectionHandler.h */ = {isa = PBXFileReference; fileEncoding = 4; lastKnownFileType = sourcecode.c.h; path = XConnectionHandler.h; sourceTree = "<group>"; };
		8390ECA411FB916100E31BC5 /* XConnectionHandler.m */ = {isa = PBXFileReference; fileEncoding = 4; lastKnownFileType = sourcecode.c.objc; path = XConnectionHandler.m; sourceTree = "<group>"; };
		8390ECA611FB916F00E31BC5 /* MessageObjects.h */ = {isa = PBXFileReference; fileEncoding = 4; lastKnownFileType = sourcecode.c.h; path = MessageObjects.h; sourceTree = "<group>"; };
		8390ECA711FB916F00E31BC5 /* MessageObjects.m */ = {isa = PBXFileReference; fileEncoding = 4; lastKnownFileType = sourcecode.c.objc; path = MessageObjects.m; sourceTree = "<group>"; };
		8390ECA911FB918600E31BC5 /* XDataEngineDelegate.h */ = {isa = PBXFileReference; fileEncoding = 4; lastKnownFileType = sourcecode.c.h; path = XDataEngineDelegate.h; sourceTree = "<group>"; };
		8390ECAB11FB91A500E31BC5 /* defines.h */ = {isa = PBXFileReference; fileEncoding = 4; lastKnownFileType = sourcecode.c.h; path = defines.h; sourceTree = "<group>"; };
		83AB2FBF11FA2184003290DC /* Todoist.app */ = {isa = PBXFileReference; explicitFileType = wrapper.application; includeInIndex = 0; path = Todoist.app; sourceTree = BUILT_PRODUCTS_DIR; };
		83AB2FC211FA2185003290DC /* UIKit.framework */ = {isa = PBXFileReference; lastKnownFileType = wrapper.framework; name = UIKit.framework; path = System/Library/Frameworks/UIKit.framework; sourceTree = SDKROOT; };
		83AB2FC411FA2185003290DC /* Foundation.framework */ = {isa = PBXFileReference; lastKnownFileType = wrapper.framework; name = Foundation.framework; path = System/Library/Frameworks/Foundation.framework; sourceTree = SDKROOT; };
		83AB2FC611FA2185003290DC /* CoreGraphics.framework */ = {isa = PBXFileReference; lastKnownFileType = wrapper.framework; name = CoreGraphics.framework; path = System/Library/Frameworks/CoreGraphics.framework; sourceTree = SDKROOT; };
		83AB2FC811FA2185003290DC /* Todoist-Info.plist */ = {isa = PBXFileReference; lastKnownFileType = text.plist.xml; path = "Todoist-Info.plist"; sourceTree = "<group>"; };
		83AB2FC911FA2185003290DC /* Todoist_Prefix.pch */ = {isa = PBXFileReference; lastKnownFileType = sourcecode.c.h; path = Todoist_Prefix.pch; sourceTree = "<group>"; };
		83AB2FCB11FA2185003290DC /* en */ = {isa = PBXFileReference; lastKnownFileType = text.plist.strings; name = en; path = en.lproj/InfoPlist.strings; sourceTree = "<group>"; };
		83AB2FCD11FA2185003290DC /* main.m */ = {isa = PBXFileReference; lastKnownFileType = sourcecode.c.objc; path = main.m; sourceTree = "<group>"; };
		83AB2FCF11FA2185003290DC /* TodoistAppDelegate.h */ = {isa = PBXFileReference; lastKnownFileType = sourcecode.c.h; path = TodoistAppDelegate.h; sourceTree = "<group>"; };
		83AB2FD011FA2185003290DC /* TodoistAppDelegate.m */ = {isa = PBXFileReference; lastKnownFileType = sourcecode.c.objc; path = TodoistAppDelegate.m; sourceTree = "<group>"; };
		83AB2FD311FA2185003290DC /* en */ = {isa = PBXFileReference; lastKnownFileType = file.xib; name = en; path = en.lproj/MainWindow.xib; sourceTree = "<group>"; };
		83AB2FD511FA2185003290DC /* TodoistViewController.h */ = {isa = PBXFileReference; lastKnownFileType = sourcecode.c.h; name = TodoistViewController.h; path = Classes/TodoistViewController.h; sourceTree = "<group>"; };
		83AB2FD611FA2185003290DC /* TodoistViewController.m */ = {isa = PBXFileReference; lastKnownFileType = sourcecode.c.objc; name = TodoistViewController.m; path = Classes/TodoistViewController.m; sourceTree = "<group>"; };
		83AB2FD911FA2185003290DC /* en */ = {isa = PBXFileReference; lastKnownFileType = file.xib; name = en; path = en.lproj/TodoistViewController.xib; sourceTree = "<group>"; };
		83E4091A1215C2C30097319A /* UIColor+Hex.h */ = {isa = PBXFileReference; fileEncoding = 4; lastKnownFileType = sourcecode.c.h; path = "UIColor+Hex.h"; sourceTree = "<group>"; };
		83E4091B1215C2C30097319A /* UIColor+Hex.m */ = {isa = PBXFileReference; fileEncoding = 4; lastKnownFileType = sourcecode.c.objc; path = "UIColor+Hex.m"; sourceTree = "<group>"; };
/* End PBXFileReference section */

/* Begin PBXFrameworksBuildPhase section */
		83AB2FBC11FA2184003290DC /* Frameworks */ = {
			isa = PBXFrameworksBuildPhase;
			buildActionMask = 2147483647;
			files = (
				83AB2FC311FA2185003290DC /* UIKit.framework in Frameworks */,
				83AB2FC511FA2185003290DC /* Foundation.framework in Frameworks */,
				83AB2FC711FA2185003290DC /* CoreGraphics.framework in Frameworks */,
			);
			runOnlyForDeploymentPostprocessing = 0;
		};
/* End PBXFrameworksBuildPhase section */

/* Begin PBXGroup section */
		833A130E11FA228900FA3ACC /* View Controllers */ = {
			isa = PBXGroup;
			children = (
				83AB2FD511FA2185003290DC /* TodoistViewController.h */,
				83AB2FD611FA2185003290DC /* TodoistViewController.m */,
				8390EC5511FB02D500E31BC5 /* ProjectsTableViewController.h */,
				8390EC5611FB02D500E31BC5 /* ProjectsTableViewController.m */,
				8390EC5A11FB030900E31BC5 /* ItemsTableViewController.h */,
				8390EC5B11FB030900E31BC5 /* ItemsTableViewController.m */,
			);
			name = "View Controllers";
			sourceTree = "<group>";
		};
		8390EC7011FB773C00E31BC5 /* Images */ = {
			isa = PBXGroup;
			children = (
				8390EC7111FB773C00E31BC5 /* button.psd */,
				8390EC7211FB773C00E31BC5 /* items-bar-button.png */,
				8390EC7311FB773C00E31BC5 /* projects-bar-button.png */,
			);
			path = Images;
			sourceTree = "<group>";
		};
		8390EC8811FB8F5D00E31BC5 /* Data Engine */ = {
			isa = PBXGroup;
			children = (
				8390ECA011FB914600E31BC5 /* XDataEngine.h */,
				8390ECA111FB914600E31BC5 /* XDataEngine.m */,
				8390ECA311FB916100E31BC5 /* XConnectionHandler.h */,
				8390ECA411FB916100E31BC5 /* XConnectionHandler.m */,
				8390ECA611FB916F00E31BC5 /* MessageObjects.h */,
				8390ECA711FB916F00E31BC5 /* MessageObjects.m */,
				8390ECA911FB918600E31BC5 /* XDataEngineDelegate.h */,
			);
			name = "Data Engine";
			sourceTree = "<group>";
		};
		8390EC8B11FB90E400E31BC5 /* JSON */ = {
			isa = PBXGroup;
			children = (
				8390EC8C11FB90E400E31BC5 /* JSON.h */,
				8390EC8D11FB90E400E31BC5 /* NSObject+SBJSON.h */,
				8390EC8E11FB90E400E31BC5 /* NSObject+SBJSON.m */,
				8390EC8F11FB90E400E31BC5 /* NSString+SBJSON.h */,
				8390EC9011FB90E400E31BC5 /* NSString+SBJSON.m */,
				8390EC9111FB90E400E31BC5 /* SBJSON.h */,
				8390EC9211FB90E400E31BC5 /* SBJSON.m */,
				8390EC9311FB90E400E31BC5 /* SBJsonBase.h */,
				8390EC9411FB90E400E31BC5 /* SBJsonBase.m */,
				8390EC9511FB90E400E31BC5 /* SBJsonParser.h */,
				8390EC9611FB90E400E31BC5 /* SBJsonParser.m */,
				8390EC9711FB90E400E31BC5 /* SBJsonWriter.h */,
				8390EC9811FB90E400E31BC5 /* SBJsonWriter.m */,
			);
			path = JSON;
			sourceTree = "<group>";
		};
		83AB2FB011FA2184003290DC = {
			isa = PBXGroup;
			children = (
				8390EC8B11FB90E400E31BC5 /* JSON */,
				8390EC8811FB8F5D00E31BC5 /* Data Engine */,
				833A130E11FA228900FA3ACC /* View Controllers */,
				83AB2FB711FA2184003290DC /* Classes */,
				83AB2FB811FA2184003290DC /* Other Sources */,
				83AB2FB911FA2184003290DC /* Resources */,
				83AB2FBA11FA2184003290DC /* Frameworks */,
				83AB2FC011FA2184003290DC /* Products */,
			);
			sourceTree = "<group>";
		};
		83AB2FB711FA2184003290DC /* Classes */ = {
			isa = PBXGroup;
			children = (
				83AB2FCF11FA2185003290DC /* TodoistAppDelegate.h */,
				83AB2FD011FA2185003290DC /* TodoistAppDelegate.m */,
				83E4091A1215C2C30097319A /* UIColor+Hex.h */,
				83E4091B1215C2C30097319A /* UIColor+Hex.m */,
			);
			path = Classes;
			sourceTree = "<group>";
		};
		83AB2FB811FA2184003290DC /* Other Sources */ = {
			isa = PBXGroup;
			children = (
				83AB2FC911FA2185003290DC /* Todoist_Prefix.pch */,
				83AB2FCD11FA2185003290DC /* main.m */,
				8390EC8911FB8FD200E31BC5 /* XLogging.h */,
				8390ECAB11FB91A500E31BC5 /* defines.h */,
			);
			name = "Other Sources";
			sourceTree = "<group>";
		};
		83AB2FB911FA2184003290DC /* Resources */ = {
			isa = PBXGroup;
			children = (
				8390EC7011FB773C00E31BC5 /* Images */,
				83AB2FD811FA2185003290DC /* TodoistViewController.xib */,
				83AB2FD211FA2185003290DC /* MainWindow.xib */,
				8390EC5711FB02D500E31BC5 /* ProjectsTableViewController.xib */,
				8390EC5C11FB030900E31BC5 /* ItemsTableViewController.xib */,
				83AB2FC811FA2185003290DC /* Todoist-Info.plist */,
				83AB2FCA11FA2185003290DC /* InfoPlist.strings */,
			);
			name = Resources;
			sourceTree = "<group>";
		};
		83AB2FBA11FA2184003290DC /* Frameworks */ = {
			isa = PBXGroup;
			children = (
				83AB2FC211FA2185003290DC /* UIKit.framework */,
				83AB2FC411FA2185003290DC /* Foundation.framework */,
				83AB2FC611FA2185003290DC /* CoreGraphics.framework */,
			);
			name = Frameworks;
			sourceTree = "<group>";
		};
		83AB2FC011FA2184003290DC /* Products */ = {
			isa = PBXGroup;
			children = (
				83AB2FBF11FA2184003290DC /* Todoist.app */,
			);
			name = Products;
			sourceTree = "<group>";
		};
/* End PBXGroup section */

/* Begin PBXNativeTarget section */
		83AB2FBE11FA2184003290DC /* Todoist */ = {
			isa = PBXNativeTarget;
			buildConfigurationList = 83AB2FDD11FA2185003290DC /* Build configuration list for PBXNativeTarget "Todoist" */;
			buildPhases = (
				83AB2FBB11FA2184003290DC /* Sources */,
				83AB2FBC11FA2184003290DC /* Frameworks */,
				83AB2FBD11FA2184003290DC /* Resources */,
			);
			buildRules = (
			);
			dependencies = (
			);
			name = Todoist;
			productName = Todoist;
			productReference = 83AB2FBF11FA2184003290DC /* Todoist.app */;
			productType = "com.apple.product-type.application";
		};
/* End PBXNativeTarget section */

/* Begin PBXProject section */
		83AB2FB211FA2184003290DC /* Project object */ = {
			isa = PBXProject;
			attributes = {
				ORGANIZATIONNAME = "Xetius Software";
			};
			buildConfigurationList = 83AB2FB511FA2184003290DC /* Build configuration list for PBXProject "Todoist" */;
			compatibilityVersion = "Xcode 3.2";
			developmentRegion = English;
			hasScannedForEncodings = 0;
			knownRegions = (
				en,
			);
			mainGroup = 83AB2FB011FA2184003290DC;
			productRefGroup = 83AB2FC011FA2184003290DC /* Products */;
			projectDirPath = "";
			projectRoot = "";
			targets = (
				83AB2FBE11FA2184003290DC /* Todoist */,
			);
		};
/* End PBXProject section */

/* Begin PBXResourcesBuildPhase section */
		83AB2FBD11FA2184003290DC /* Resources */ = {
			isa = PBXResourcesBuildPhase;
			buildActionMask = 2147483647;
			files = (
				83AB2FCC11FA2185003290DC /* InfoPlist.strings in Resources */,
				83AB2FD411FA2185003290DC /* MainWindow.xib in Resources */,
				83AB2FDA11FA2185003290DC /* TodoistViewController.xib in Resources */,
				8390EC5911FB02D500E31BC5 /* ProjectsTableViewController.xib in Resources */,
				8390EC5E11FB030900E31BC5 /* ItemsTableViewController.xib in Resources */,
				8390EC7411FB773C00E31BC5 /* button.psd in Resources */,
				8390EC7511FB773C00E31BC5 /* items-bar-button.png in Resources */,
				8390EC7611FB773C00E31BC5 /* projects-bar-button.png in Resources */,
			);
			runOnlyForDeploymentPostprocessing = 0;
		};
/* End PBXResourcesBuildPhase section */

/* Begin PBXSourcesBuildPhase section */
		83AB2FBB11FA2184003290DC /* Sources */ = {
			isa = PBXSourcesBuildPhase;
			buildActionMask = 2147483647;
			files = (
				83AB2FCE11FA2185003290DC /* main.m in Sources */,
				83AB2FD111FA2185003290DC /* TodoistAppDelegate.m in Sources */,
				83AB2FD711FA2185003290DC /* TodoistViewController.m in Sources */,
				8390EC5811FB02D500E31BC5 /* ProjectsTableViewController.m in Sources */,
				8390EC5D11FB030900E31BC5 /* ItemsTableViewController.m in Sources */,
				8390EC9911FB90E400E31BC5 /* NSObject+SBJSON.m in Sources */,
				8390EC9A11FB90E400E31BC5 /* NSString+SBJSON.m in Sources */,
				8390EC9B11FB90E400E31BC5 /* SBJSON.m in Sources */,
				8390EC9C11FB90E400E31BC5 /* SBJsonBase.m in Sources */,
				8390EC9D11FB90E400E31BC5 /* SBJsonParser.m in Sources */,
				8390EC9E11FB90E400E31BC5 /* SBJsonWriter.m in Sources */,
				8390ECA211FB914600E31BC5 /* XDataEngine.m in Sources */,
				8390ECA511FB916100E31BC5 /* XConnectionHandler.m in Sources */,
				8390ECA811FB916F00E31BC5 /* MessageObjects.m in Sources */,
				83E4091C1215C2C30097319A /* UIColor+Hex.m in Sources */,
			);
			runOnlyForDeploymentPostprocessing = 0;
		};
/* End PBXSourcesBuildPhase section */

/* Begin PBXVariantGroup section */
		83AB2FCA11FA2185003290DC /* InfoPlist.strings */ = {
			isa = PBXVariantGroup;
			children = (
				83AB2FCB11FA2185003290DC /* en */,
			);
			name = InfoPlist.strings;
			sourceTree = "<group>";
		};
		83AB2FD211FA2185003290DC /* MainWindow.xib */ = {
			isa = PBXVariantGroup;
			children = (
				83AB2FD311FA2185003290DC /* en */,
			);
			name = MainWindow.xib;
			sourceTree = "<group>";
		};
		83AB2FD811FA2185003290DC /* TodoistViewController.xib */ = {
			isa = PBXVariantGroup;
			children = (
				83AB2FD911FA2185003290DC /* en */,
			);
			name = TodoistViewController.xib;
			sourceTree = "<group>";
		};
/* End PBXVariantGroup section */

/* Begin XCBuildConfiguration section */
		83AB2FDB11FA2185003290DC /* Debug */ = {
			isa = XCBuildConfiguration;
			buildSettings = {
				ARCHS = "$(ARCHS_STANDARD_32_BIT)";
				"CODE_SIGN_IDENTITY[sdk=iphoneos*]" = "iPhone Developer";
				GCC_C_LANGUAGE_STANDARD = gnu99;
				GCC_OPTIMIZATION_LEVEL = 0;
				GCC_PREPROCESSOR_DEFINITIONS = DEBUG;
				GCC_WARN_ABOUT_RETURN_TYPE = YES;
				GCC_WARN_UNUSED_VARIABLE = YES;
				OTHER_CFLAGS = "-DDEBUG=1";
				PREBINDING = NO;
				SDKROOT = iphoneos4.0;
			};
			name = Debug;
		};
		83AB2FDC11FA2185003290DC /* Release */ = {
			isa = XCBuildConfiguration;
			buildSettings = {
				ARCHS = "$(ARCHS_STANDARD_32_BIT)";
				"CODE_SIGN_IDENTITY[sdk=iphoneos*]" = "iPhone Developer";
				GCC_C_LANGUAGE_STANDARD = gnu99;
				GCC_WARN_ABOUT_RETURN_TYPE = YES;
				GCC_WARN_UNUSED_VARIABLE = YES;
				OTHER_CFLAGS = "-DNS_BLOCK_ASSERTIONS=1";
				PREBINDING = NO;
				SDKROOT = iphoneos4.0;
			};
			name = Release;
		};
		83AB2FDE11FA2185003290DC /* Debug */ = {
			isa = XCBuildConfiguration;
			buildSettings = {
				ALWAYS_SEARCH_USER_PATHS = NO;
				COPY_PHASE_STRIP = NO;
				GCC_DYNAMIC_NO_PIC = NO;
				GCC_PRECOMPILE_PREFIX_HEADER = YES;
				GCC_PREFIX_HEADER = Todoist_Prefix.pch;
				INFOPLIST_FILE = "Todoist-Info.plist";
				PRODUCT_NAME = Todoist;
				WRAPPER_EXTENSION = app;
			};
			name = Debug;
		};
		83AB2FDF11FA2185003290DC /* Release */ = {
			isa = XCBuildConfiguration;
			buildSettings = {
				ALWAYS_SEARCH_USER_PATHS = NO;
				COPY_PHASE_STRIP = YES;
				GCC_PRECOMPILE_PREFIX_HEADER = YES;
				GCC_PREFIX_HEADER = Todoist_Prefix.pch;
				INFOPLIST_FILE = "Todoist-Info.plist";
				PRODUCT_NAME = Todoist;
				VALIDATE_PRODUCT = YES;
				WRAPPER_EXTENSION = app;
			};
			name = Release;
		};
/* End XCBuildConfiguration section */

/* Begin XCConfigurationList section */
		83AB2FB511FA2184003290DC /* Build configuration list for PBXProject "Todoist" */ = {
			isa = XCConfigurationList;
			buildConfigurations = (
				83AB2FDB11FA2185003290DC /* Debug */,
				83AB2FDC11FA2185003290DC /* Release */,
			);
			defaultConfigurationIsVisible = 0;
			defaultConfigurationName = Release;
		};
		83AB2FDD11FA2185003290DC /* Build configuration list for PBXNativeTarget "Todoist" */ = {
			isa = XCConfigurationList;
			buildConfigurations = (
				83AB2FDE11FA2185003290DC /* Debug */,
				83AB2FDF11FA2185003290DC /* Release */,
			);
			defaultConfigurationIsVisible = 0;
			defaultConfigurationName = Release;
		};
/* End XCConfigurationList section */
	};
	rootObject = 83AB2FB211FA2184003290DC /* Project object */;
}
